
Microsoft Visual Studio Solution File, Format Version 12.00
# Visual Studio 15
Project("{FAE04EC0-301F-11D3-BF4B-00C04F79EFBC}") = "KeyboardSample.Android", "KeyboardSample.Android\KeyboardSample.Android.csproj", "{FA60B40C-6601-45D1-AA6A-8F1C0A474C45}"
EndProject
Project("{FAE04EC0-301F-11D3-BF4B-00C04F79EFBC}") = "KeyboardSample.iOS", "KeyboardSample.iOS\KeyboardSample.iOS.csproj", "{FCFC3655-C72F-466D-BB2D-F3600687994B}"
EndProject
Project("{FAE04EC0-301F-11D3-BF4B-00C04F79EFBC}") = "KeyboardSample", "KeyboardSample\KeyboardSample.csproj", "{0C171CA2-97BA-4C18-9951-7E10FB667803}"
EndProject
Global
	GlobalSection(SolutionConfigurationPlatforms) = preSolution
		Debug|Any CPU = Debug|Any CPU
		Release|Any CPU = Release|Any CPU
		Debug|iPhoneSimulator = Debug|iPhoneSimulator
		Release|iPhoneSimulator = Release|iPhoneSimulator
		Debug|iPhone = Debug|iPhone
		Release|iPhone = Release|iPhone
		Ad-Hoc|iPhone = Ad-Hoc|iPhone
		AppStore|iPhone = AppStore|iPhone
	EndGlobalSection
	GlobalSection(ProjectConfigurationPlatforms) = postSolution
		{FA60B40C-6601-45D1-AA6A-8F1C0A474C45}.Debug|Any CPU.ActiveCfg = Debug|Any CPU
		{FA60B40C-6601-45D1-AA6A-8F1C0A474C45}.Debug|Any CPU.Build.0 = Debug|Any CPU
		{FA60B40C-6601-45D1-AA6A-8F1C0A474C45}.Release|Any CPU.ActiveCfg = Release|Any CPU
		{FA60B40C-6601-45D1-AA6A-8F1C0A474C45}.Release|Any CPU.Build.0 = Release|Any CPU
		{FA60B40C-6601-45D1-AA6A-8F1C0A474C45}.Debug|iPhoneSimulator.ActiveCfg = Debug|Any CPU
		{FA60B40C-6601-45D1-AA6A-8F1C0A474C45}.Debug|iPhoneSimulator.Build.0 = Debug|Any CPU
		{FA60B40C-6601-45D1-AA6A-8F1C0A474C45}.Release|iPhoneSimulator.ActiveCfg = Release|Any CPU
		{FA60B40C-6601-45D1-AA6A-8F1C0A474C45}.Release|iPhoneSimulator.Build.0 = Release|Any CPU
		{FA60B40C-6601-45D1-AA6A-8F1C0A474C45}.Debug|iPhone.ActiveCfg = Debug|Any CPU
		{FA60B40C-6601-45D1-AA6A-8F1C0A474C45}.Debug|iPhone.Build.0 = Debug|Any CPU
		{FA60B40C-6601-45D1-AA6A-8F1C0A474C45}.Release|iPhone.ActiveCfg = Release|Any CPU
		{FA60B40C-6601-45D1-AA6A-8F1C0A474C45}.Release|iPhone.Build.0 = Release|Any CPU
		{FA60B40C-6601-45D1-AA6A-8F1C0A474C45}.Ad-Hoc|iPhone.ActiveCfg = Debug|Any CPU
		{FA60B40C-6601-45D1-AA6A-8F1C0A474C45}.Ad-Hoc|iPhone.Build.0 = Debug|Any CPU
		{FA60B40C-6601-45D1-AA6A-8F1C0A474C45}.AppStore|iPhone.ActiveCfg = Debug|Any CPU
		{FA60B40C-6601-45D1-AA6A-8F1C0A474C45}.AppStore|iPhone.Build.0 = Debug|Any CPU
		{FCFC3655-C72F-466D-BB2D-F3600687994B}.Debug|Any CPU.ActiveCfg = Debug|iPhoneSimulator
		{FCFC3655-C72F-466D-BB2D-F3600687994B}.Debug|Any CPU.Build.0 = Debug|iPhoneSimulator
		{FCFC3655-C72F-466D-BB2D-F3600687994B}.Release|Any CPU.ActiveCfg = Release|iPhoneSimulator
		{FCFC3655-C72F-466D-BB2D-F3600687994B}.Release|Any CPU.Build.0 = Release|iPhoneSimulator
		{FCFC3655-C72F-466D-BB2D-F3600687994B}.Debug|iPhoneSimulator.ActiveCfg = Debug|iPhoneSimulator
		{FCFC3655-C72F-466D-BB2D-F3600687994B}.Debug|iPhoneSimulator.Build.0 = Debug|iPhoneSimulator
		{FCFC3655-C72F-466D-BB2D-F3600687994B}.Release|iPhoneSimulator.ActiveCfg = Release|iPhoneSimulator
		{FCFC3655-C72F-466D-BB2D-F3600687994B}.Release|iPhoneSimulator.Build.0 = Release|iPhoneSimulator
		{FCFC3655-C72F-466D-BB2D-F3600687994B}.Debug|iPhone.ActiveCfg = Debug|iPhone
		{FCFC3655-C72F-466D-BB2D-F3600687994B}.Debug|iPhone.Build.0 = Debug|iPhone
		{FCFC3655-C72F-466D-BB2D-F3600687994B}.Release|iPhone.ActiveCfg = Release|iPhone
		{FCFC3655-C72F-466D-BB2D-F3600687994B}.Release|iPhone.Build.0 = Release|iPhone
		{FCFC3655-C72F-466D-BB2D-F3600687994B}.Ad-Hoc|iPhone.ActiveCfg = Ad-Hoc|iPhone
		{FCFC3655-C72F-466D-BB2D-F3600687994B}.Ad-Hoc|iPhone.Build.0 = Ad-Hoc|iPhone
		{FCFC3655-C72F-466D-BB2D-F3600687994B}.AppStore|iPhone.ActiveCfg = AppStore|iPhone
		{FCFC3655-C72F-466D-BB2D-F3600687994B}.AppStore|iPhone.Build.0 = AppStore|iPhone
		{0C171CA2-97BA-4C18-9951-7E10FB667803}.Debug|Any CPU.ActiveCfg = Debug|Any CPU
		{0C171CA2-97BA-4C18-9951-7E10FB667803}.Debug|Any CPU.Build.0 = Debug|Any CPU
		{0C171CA2-97BA-4C18-9951-7E10FB667803}.Release|Any CPU.ActiveCfg = Release|Any CPU
		{0C171CA2-97BA-4C18-9951-7E10FB667803}.Release|Any CPU.Build.0 = Release|Any CPU
		{0C171CA2-97BA-4C18-9951-7E10FB667803}.Debug|iPhoneSimulator.ActiveCfg = Debug|Any CPU
		{0C171CA2-97BA-4C18-9951-7E10FB667803}.Debug|iPhoneSimulator.Build.0 = Debug|Any CPU
		{0C171CA2-97BA-4C18-9951-7E10FB667803}.Release|iPhoneSimulator.ActiveCfg = Release|Any CPU
		{0C171CA2-97BA-4C18-9951-7E10FB667803}.Release|iPhoneSimulator.Build.0 = Release|Any CPU
		{0C171CA2-97BA-4C18-9951-7E10FB667803}.Debug|iPhone.ActiveCfg = Debug|Any CPU
		{0C171CA2-97BA-4C18-9951-7E10FB667803}.Debug|iPhone.Build.0 = Debug|Any CPU
		{0C171CA2-97BA-4C18-9951-7E10FB667803}.Release|iPhone.ActiveCfg = Release|Any CPU
		{0C171CA2-97BA-4C18-9951-7E10FB667803}.Release|iPhone.Build.0 = Release|Any CPU
		{0C171CA2-97BA-4C18-9951-7E10FB667803}.Ad-Hoc|iPhone.ActiveCfg = Debug|Any CPU
		{0C171CA2-97BA-4C18-9951-7E10FB667803}.Ad-Hoc|iPhone.Build.0 = Debug|Any CPU
		{0C171CA2-97BA-4C18-9951-7E10FB667803}.AppStore|iPhone.ActiveCfg = Debug|Any CPU
		{0C171CA2-97BA-4C18-9951-7E10FB667803}.AppStore|iPhone.Build.0 = Debug|Any CPU
	EndGlobalSection
EndGlobal
